// !$*UTF8*$!
{
	archiveVersion = 1;
	classes = {
	};
	objectVersion = 77;
	objects = {

/* Begin PBXContainerItemProxy section */
		9B8267A42ED2FA36006D71E4 /* PBXContainerItemProxy */ = {
			isa = PBXContainerItemProxy;
			containerPortal = 9B8267852ED2FA32006D71E4 /* Project object */;
			proxyType = 1;
			remoteGlobalIDString = 9B82678C2ED2FA32006D71E4;
			remoteInfo = RepairPro;
		};
		9B8267AE2ED2FA36006D71E4 /* PBXContainerItemProxy */ = {
			isa = PBXContainerItemProxy;
			containerPortal = 9B8267852ED2FA32006D71E4 /* Project object */;
			proxyType = 1;
			remoteGlobalIDString = 9B82678C2ED2FA32006D71E4;
			remoteInfo = RepairPro;
		};
/* End PBXContainerItemProxy section */

/* Begin PBXFileReference section */
		9B82678D2ED2FA32006D71E4 /* RepairPro.app */ = {isa = PBXFileReference; explicitFileType = wrapper.application; includeInIndex = 0; path = RepairPro.app; sourceTree = BUILT_PRODUCTS_DIR; };
		9B8267A32ED2FA36006D71E4 /* RepairProTests.xctest */ = {isa = PBXFileReference; explicitFileType = wrapper.cfbundle; includeInIndex = 0; path = RepairProTests.xctest; sourceTree = BUILT_PRODUCTS_DIR; };
		9B8267AD2ED2FA36006D71E4 /* RepairProUITests.xctest */ = {isa = PBXFileReference; explicitFileType = wrapper.cfbundle; includeInIndex = 0; path = RepairProUITests.xctest; sourceTree = BUILT_PRODUCTS_DIR; };
/* End PBXFileReference section */

/* Begin PBXFileSystemSynchronizedBuildFileExceptionSet section */
		05956BB62F06A17C00A26DDE /* Exceptions for "RepairPro" folder in "RepairProTests" target */ = {
			isa = PBXFileSystemSynchronizedBuildFileExceptionSet;
			membershipExceptions = (
				TichnicianTaskManagement/MyTasks.storyboard,
				TichnicianTaskManagement/MyTasksViewController.swift,
			);
			target = 9B8267A22ED2FA36006D71E4 /* RepairProTests */;
		};
		05956BB72F06A17C00A26DDE /* Exceptions for "RepairPro" folder in "RepairProUITests" target */ = {
			isa = PBXFileSystemSynchronizedBuildFileExceptionSet;
			membershipExceptions = (
				TichnicianTaskManagement/MyTasks.storyboard,
				TichnicianTaskManagement/MyTasksViewController.swift,
			);
			target = 9B8267AC2ED2FA36006D71E4 /* RepairProUITests */;
		};
		9B8267B52ED2FA36006D71E4 /* Exceptions for "RepairPro" folder in "RepairPro" target */ = {
			isa = PBXFileSystemSynchronizedBuildFileExceptionSet;
			membershipExceptions = (
				Info.plist,
			);
			target = 9B82678C2ED2FA32006D71E4 /* RepairPro */;
		};
/* End PBXFileSystemSynchronizedBuildFileExceptionSet section */

/* Begin PBXFileSystemSynchronizedRootGroup section */
		9B82678F2ED2FA32006D71E4 /* RepairPro */ = {
			isa = PBXFileSystemSynchronizedRootGroup;
			exceptions = (
				9B8267B52ED2FA36006D71E4 /* Exceptions for "RepairPro" folder in "RepairPro" target */,
				05956BB62F06A17C00A26DDE /* Exceptions for "RepairPro" folder in "RepairProTests" target */,
				05956BB72F06A17C00A26DDE /* Exceptions for "RepairPro" folder in "RepairProUITests" target */,
			);
			path = RepairPro;
			sourceTree = "<group>";
		};
		9B8267A62ED2FA36006D71E4 /* RepairProTests */ = {
			isa = PBXFileSystemSynchronizedRootGroup;
			path = RepairProTests;
			sourceTree = "<group>";
		};
		9B8267B02ED2FA36006D71E4 /* RepairProUITests */ = {
			isa = PBXFileSystemSynchronizedRootGroup;
			path = RepairProUITests;
			sourceTree = "<group>";
		};
/* End PBXFileSystemSynchronizedRootGroup section */

/* Begin PBXFrameworksBuildPhase section */
		9B82678A2ED2FA32006D71E4 /* Frameworks */ = {
			isa = PBXFrameworksBuildPhase;
			buildActionMask = 2147483647;
			files = (
			);
			runOnlyForDeploymentPostprocessing = 0;
		};
		9B8267A02ED2FA36006D71E4 /* Frameworks */ = {
			isa = PBXFrameworksBuildPhase;
			buildActionMask = 2147483647;
			files = (
			);
			runOnlyForDeploymentPostprocessing = 0;
		};
		9B8267AA2ED2FA36006D71E4 /* Frameworks */ = {
			isa = PBXFrameworksBuildPhase;
			buildActionMask = 2147483647;
			files = (
			);
			runOnlyForDeploymentPostprocessing = 0;
		};
/* End PBXFrameworksBuildPhase section */

/* Begin PBXGroup section */
		9B8267842ED2FA32006D71E4 = {
			isa = PBXGroup;
			children = (
				9B82678F2ED2FA32006D71E4 /* RepairPro */,
				9B8267A62ED2FA36006D71E4 /* RepairProTests */,
				9B8267B02ED2FA36006D71E4 /* RepairProUITests */,
				9B82678E2ED2FA32006D71E4 /* Products */,
			);
			sourceTree = "<group>";
		};
		9B82678E2ED2FA32006D71E4 /* Products */ = {
			isa = PBXGroup;
			children = (
				9B82678D2ED2FA32006D71E4 /* RepairPro.app */,
				9B8267A32ED2FA36006D71E4 /* RepairProTests.xctest */,
				9B8267AD2ED2FA36006D71E4 /* RepairProUITests.xctest */,
			);
			name = Products;
			sourceTree = "<group>";
		};
/* End PBXGroup section */

/* Begin PBXNativeTarget section */
		9B82678C2ED2FA32006D71E4 /* RepairPro */ = {
			isa = PBXNativeTarget;
			buildConfigurationList = 9B8267B62ED2FA36006D71E4 /* Build configuration list for PBXNativeTarget "RepairPro" */;
			buildPhases = (
				9B8267892ED2FA32006D71E4 /* Sources */,
				9B82678A2ED2FA32006D71E4 /* Frameworks */,
				9B82678B2ED2FA32006D71E4 /* Resources */,
			);
			buildRules = (
			);
			dependencies = (
			);
			fileSystemSynchronizedGroups = (
				9B82678F2ED2FA32006D71E4 /* RepairPro */,
			);
			name = RepairPro;
			packageProductDependencies = (
			);
			productName = RepairPro;
			productReference = 9B82678D2ED2FA32006D71E4 /* RepairPro.app */;
			productType = "com.apple.product-type.application";
		};
		9B8267A22ED2FA36006D71E4 /* RepairProTests */ = {
			isa = PBXNativeTarget;
			buildConfigurationList = 9B8267BB2ED2FA36006D71E4 /* Build configuration list for PBXNativeTarget "RepairProTests" */;
			buildPhases = (
				9B82679F2ED2FA36006D71E4 /* Sources */,
				9B8267A02ED2FA36006D71E4 /* Frameworks */,
				9B8267A12ED2FA36006D71E4 /* Resources */,
			);
			buildRules = (
			);
			dependencies = (
				9B8267A52ED2FA36006D71E4 /* PBXTargetDependency */,
			);
			fileSystemSynchronizedGroups = (
				9B8267A62ED2FA36006D71E4 /* RepairProTests */,
			);
			name = RepairProTests;
			packageProductDependencies = (
			);
			productName = RepairProTests;
			productReference = 9B8267A32ED2FA36006D71E4 /* RepairProTests.xctest */;
			productType = "com.apple.product-type.bundle.unit-test";
		};
		9B8267AC2ED2FA36006D71E4 /* RepairProUITests */ = {
			isa = PBXNativeTarget;
			buildConfigurationList = 9B8267BE2ED2FA36006D71E4 /* Build configuration list for PBXNativeTarget "RepairProUITests" */;
			buildPhases = (
				9B8267A92ED2FA36006D71E4 /* Sources */,
				9B8267AA2ED2FA36006D71E4 /* Frameworks */,
				9B8267AB2ED2FA36006D71E4 /* Resources */,
			);
			buildRules = (
			);
			dependencies = (
				9B8267AF2ED2FA36006D71E4 /* PBXTargetDependency */,
			);
			fileSystemSynchronizedGroups = (
				9B8267B02ED2FA36006D71E4 /* RepairProUITests */,
			);
			name = RepairProUITests;
			packageProductDependencies = (
			);
			productName = RepairProUITests;
			productReference = 9B8267AD2ED2FA36006D71E4 /* RepairProUITests.xctest */;
			productType = "com.apple.product-type.bundle.ui-testing";
		};
/* End PBXNativeTarget section */

/* Begin PBXProject section */
		9B8267852ED2FA32006D71E4 /* Project object */ = {
			isa = PBXProject;
			attributes = {
				BuildIndependentTargetsInParallel = 1;
				LastSwiftUpdateCheck = 1600;
				LastUpgradeCheck = 1600;
				TargetAttributes = {
					9B82678C2ED2FA32006D71E4 = {
						CreatedOnToolsVersion = 16.0;
					};
					9B8267A22ED2FA36006D71E4 = {
						CreatedOnToolsVersion = 16.0;
						TestTargetID = 9B82678C2ED2FA32006D71E4;
					};
					9B8267AC2ED2FA36006D71E4 = {
						CreatedOnToolsVersion = 16.0;
						TestTargetID = 9B82678C2ED2FA32006D71E4;
					};
				};
			};
			buildConfigurationList = 9B8267882ED2FA32006D71E4 /* Build configuration list for PBXProject "RepairPro" */;
			developmentRegion = en;
			hasScannedForEncodings = 0;
			knownRegions = (
				en,
				Base,
			);
			mainGroup = 9B8267842ED2FA32006D71E4;
			minimizedProjectReferenceProxies = 1;
			preferredProjectObjectVersion = 77;
			productRefGroup = 9B82678E2ED2FA32006D71E4 /* Products */;
			projectDirPath = "";
			projectRoot = "";
			targets = (
				9B82678C2ED2FA32006D71E4 /* RepairPro */,
				9B8267A22ED2FA36006D71E4 /* RepairProTests */,
				9B8267AC2ED2FA36006D71E4 /* RepairProUITests */,
			);
		};
/* End PBXProject section */

/* Begin PBXResourcesBuildPhase section */
		9B82678B2ED2FA32006D71E4 /* Resources */ = {
			isa = PBXResourcesBuildPhase;
			buildActionMask = 2147483647;
			files = (
			);
			runOnlyForDeploymentPostprocessing = 0;
		};
		9B8267A12ED2FA36006D71E4 /* Resources */ = {
			isa = PBXResourcesBuildPhase;
			buildActionMask = 2147483647;
			files = (
			);
			runOnlyForDeploymentPostprocessing = 0;
		};
		9B8267AB2ED2FA36006D71E4 /* Resources */ = {
			isa = PBXResourcesBuildPhase;
			buildActionMask = 2147483647;
			files = (
			);
			runOnlyForDeploymentPostprocessing = 0;
		};
/* End PBXResourcesBuildPhase section */

/* Begin PBXSourcesBuildPhase section */
		9B8267892ED2FA32006D71E4 /* Sources */ = {
			isa = PBXSourcesBuildPhase;
			buildActionMask = 2147483647;
			files = (
			);
			runOnlyForDeploymentPostprocessing = 0;
		};
		9B82679F2ED2FA36006D71E4 /* Sources */ = {
			isa = PBXSourcesBuildPhase;
			buildActionMask = 2147483647;
			files = (
			);
			runOnlyForDeploymentPostprocessing = 0;
		};
		9B8267A92ED2FA36006D71E4 /* Sources */ = {
			isa = PBXSourcesBuildPhase;
			buildActionMask = 2147483647;
			files = (
			);
			runOnlyForDeploymentPostprocessing = 0;
		};
/* End PBXSourcesBuildPhase section */

/* Begin PBXTargetDependency section */
		9B8267A52ED2FA36006D71E4 /* PBXTargetDependency */ = {
			isa = PBXTargetDependency;
			target = 9B82678C2ED2FA32006D71E4 /* RepairPro */;
			targetProxy = 9B8267A42ED2FA36006D71E4 /* PBXContainerItemProxy */;
		};
		9B8267AF2ED2FA36006D71E4 /* PBXTargetDependency */ = {
			isa = PBXTargetDependency;
			target = 9B82678C2ED2FA32006D71E4 /* RepairPro */;
			targetProxy = 9B8267AE2ED2FA36006D71E4 /* PBXContainerItemProxy */;
		};
/* End PBXTargetDependency section */

/* Begin XCBuildConfiguration section */
		9B8267B72ED2FA36006D71E4 /* Debug */ = {
			isa = XCBuildConfiguration;
			buildSettings = {
				ASSETCATALOG_COMPILER_APPICON_NAME = AppIcon;
				ASSETCATALOG_COMPILER_GLOBAL_ACCENT_COLOR_NAME = AccentColor;
				CODE_SIGN_STYLE = Automatic;
				CURRENT_PROJECT_VERSION = 1;
				GENERATE_INFOPLIST_FILE = YES;
				INFOPLIST_FILE = RepairPro/Info.plist;
				INFOPLIST_KEY_UIApplicationSupportsIndirectInputEvents = YES;
				INFOPLIST_KEY_UILaunchStoryboardName = LaunchScreen;
				INFOPLIST_KEY_UIMainStoryboardFile = Main;
				INFOPLIST_KEY_UISupportedInterfaceOrientations_iPad = "UIInterfaceOrientationPortrait UIInterfaceOrientationPortraitUpsideDown UIInterfaceOrientationLandscapeLeft UIInterfaceOrientationLandscapeRight";
				INFOPLIST_KEY_UISupportedInterfaceOrientations_iPhone = "UIInterfaceOrientationPortrait UIInterfaceOrientationLandscapeLeft UIInterfaceOrientationLandscapeRight";
				LD_RUNPATH_SEARCH_PATHS = (
					"$(inherited)",
					"@executable_path/Frameworks",
				);
				MARKETING_VERSION = 1.0;
				PRODUCT_BUNDLE_IDENTIFIER = bahrainpolytechnic.RepairPro;
				PRODUCT_NAME = "$(TARGET_NAME)";
				SWIFT_EMIT_LOC_STRINGS = YES;
				SWIFT_VERSION = 5.0;
				TARGETED_DEVICE_FAMILY = "1,2";
			};
			name = Debug;
		};
		9B8267B82ED2FA36006D71E4 /* Release */ = {
			isa = XCBuildConfiguration;
			buildSettings = {
				ASSETCATALOG_COMPILER_APPICON_NAME = AppIcon;
				ASSETCATALOG_COMPILER_GLOBAL_ACCENT_COLOR_NAME = AccentColor;
				CODE_SIGN_STYLE = Automatic;
				CURRENT_PROJECT_VERSION = 1;
				GENERATE_INFOPLIST_FILE = YES;
				INFOPLIST_FILE = RepairPro/Info.plist;
				INFOPLIST_KEY_UIApplicationSupportsIndirectInputEvents = YES;
				INFOPLIST_KEY_UILaunchStoryboardName = LaunchScreen;
				INFOPLIST_KEY_UIMainStoryboardFile = Main;
				INFOPLIST_KEY_UISupportedInterfaceOrientations_iPad = "UIInterfaceOrientationPortrait UIInterfaceOrientationPortraitUpsideDown UIInterfaceOrientationLandscapeLeft UIInterfaceOrientationLandscapeRight";
				INFOPLIST_KEY_UISupportedInterfaceOrientations_iPhone = "UIInterfaceOrientationPortrait UIInterfaceOrientationLandscapeLeft UIInterfaceOrientationLandscapeRight";
				LD_RUNPATH_SEARCH_PATHS = (
					"$(inherited)",
					"@executable_path/Frameworks",
				);
				MARKETING_VERSION = 1.0;
				PRODUCT_BUNDLE_IDENTIFIER = bahrainpolytechnic.RepairPro;
				PRODUCT_NAME = "$(TARGET_NAME)";
				SWIFT_EMIT_LOC_STRINGS = YES;
				SWIFT_VERSION = 5.0;
				TARGETED_DEVICE_FAMILY = "1,2";
			};
			name = Release;
		};
		9B8267B92ED2FA36006D71E4 /* Debug */ = {
			isa = XCBuildConfiguration;
			buildSettings = {
				ALWAYS_SEARCH_USER_PATHS = NO;
				ASSETCATALOG_COMPILER_GENERATE_SWIFT_ASSET_SYMBOL_EXTENSIONS = YES;
				CLANG_ANALYZER_NONNULL = YES;
				CLANG_ANALYZER_NUMBER_OBJECT_CONVERSION = YES_AGGRESSIVE;
				CLANG_CXX_LANGUAGE_STANDARD = "gnu++20";
				CLANG_ENABLE_MODULES = YES;
				CLANG_ENABLE_OBJC_ARC = YES;
				CLANG_ENABLE_OBJC_WEAK = YES;
				CLANG_WARN_BLOCK_CAPTURE_AUTORELEASING = YES;
				CLANG_WARN_BOOL_CONVERSION = YES;
				CLANG_WARN_COMMA = YES;
				CLANG_WARN_CONSTANT_CONVERSION = YES;
				CLANG_WARN_DEPRECATED_OBJC_IMPLEMENTATIONS = YES;
				CLANG_WARN_DIRECT_OBJC_ISA_USAGE = YES_ERROR;
				CLANG_WARN_DOCUMENTATION_COMMENTS = YES;
				CLANG_WARN_EMPTY_BODY = YES;
				CLANG_WARN_ENUM_CONVERSION = YES;
				CLANG_WARN_INFINITE_RECURSION = YES;
				CLANG_WARN_INT_CONVERSION = YES;
				CLANG_WARN_NON_LITERAL_NULL_CONVERSION = YES;
				CLANG_WARN_OBJC_IMPLICIT_RETAIN_SELF = YES;
				CLANG_WARN_OBJC_LITERAL_CONVERSION = YES;
				CLANG_WARN_OBJC_ROOT_CLASS = YES_ERROR;
				CLANG_WARN_QUOTED_INCLUDE_IN_FRAMEWORK_HEADER = YES;
				CLANG_WARN_RANGE_LOOP_ANALYSIS = YES;
				CLANG_WARN_STRICT_PROTOTYPES = YES;
				CLANG_WARN_SUSPICIOUS_MOVE = YES;
				CLANG_WARN_UNGUARDED_AVAILABILITY = YES_AGGRESSIVE;
				CLANG_WARN_UNREACHABLE_CODE = YES;
				CLANG_WARN__DUPLICATE_METHOD_MATCH = YES;
				COPY_PHASE_STRIP = NO;
				DEBUG_INFORMATION_FORMAT = dwarf;
				ENABLE_STRICT_OBJC_MSGSEND = YES;
				ENABLE_TESTABILITY = YES;
				ENABLE_USER_SCRIPT_SANDBOXING = YES;
				GCC_C_LANGUAGE_STANDARD = gnu17;
				GCC_DYNAMIC_NO_PIC = NO;
				GCC_NO_COMMON_BLOCKS = YES;
				GCC_OPTIMIZATION_LEVEL = 0;
				GCC_PREPROCESSOR_DEFINITIONS = (
					"DEBUG=1",
					"$(inherited)",
				);
				GCC_WARN_64_TO_32_BIT_CONVERSION = YES;
				GCC_WARN_ABOUT_RETURN_TYPE = YES_ERROR;
				GCC_WARN_UNDECLARED_SELECTOR = YES;
				GCC_WARN_UNINITIALIZED_AUTOS = YES_AGGRESSIVE;
				GCC_WARN_UNUSED_FUNCTION = YES;
				GCC_WARN_UNUSED_VARIABLE = YES;
				IPHONEOS_DEPLOYMENT_TARGET = 18.0;
				LOCALIZATION_PREFERS_STRING_CATALOGS = YES;
				MTL_ENABLE_DEBUG_INFO = INCLUDE_SOURCE;
				MTL_FAST_MATH = YES;
				ONLY_ACTIVE_ARCH = YES;
				SDKROOT = iphoneos;
				SWIFT_ACTIVE_COMPILATION_CONDITIONS = "DEBUG $(inherited)";
				SWIFT_OPTIMIZATION_LEVEL = "-Onone";
			};
			name = Debug;
		};
		9B8267BA2ED2FA36006D71E4 /* Release */ = {
			isa = XCBuildConfiguration;
			buildSettings = {
				ALWAYS_SEARCH_USER_PATHS = NO;
				ASSETCATALOG_COMPILER_GENERATE_SWIFT_ASSET_SYMBOL_EXTENSIONS = YES;
				CLANG_ANALYZER_NONNULL = YES;
				CLANG_ANALYZER_NUMBER_OBJECT_CONVERSION = YES_AGGRESSIVE;
				CLANG_CXX_LANGUAGE_STANDARD = "gnu++20";
				CLANG_ENABLE_MODULES = YES;
				CLANG_ENABLE_OBJC_ARC = YES;
				CLANG_ENABLE_OBJC_WEAK = YES;
				CLANG_WARN_BLOCK_CAPTURE_AUTORELEASING = YES;
				CLANG_WARN_BOOL_CONVERSION = YES;
				CLANG_WARN_COMMA = YES;
				CLANG_WARN_CONSTANT_CONVERSION = YES;
				CLANG_WARN_DEPRECATED_OBJC_IMPLEMENTATIONS = YES;
				CLANG_WARN_DIRECT_OBJC_ISA_USAGE = YES_ERROR;
				CLANG_WARN_DOCUMENTATION_COMMENTS = YES;
				CLANG_WARN_EMPTY_BODY = YES;
				CLANG_WARN_ENUM_CONVERSION = YES;
				CLANG_WARN_INFINITE_RECURSION = YES;
				CLANG_WARN_INT_CONVERSION = YES;
				CLANG_WARN_NON_LITERAL_NULL_CONVERSION = YES;
				CLANG_WARN_OBJC_IMPLICIT_RETAIN_SELF = YES;
				CLANG_WARN_OBJC_LITERAL_CONVERSION = YES;
				CLANG_WARN_OBJC_ROOT_CLASS = YES_ERROR;
				CLANG_WARN_QUOTED_INCLUDE_IN_FRAMEWORK_HEADER = YES;
				CLANG_WARN_RANGE_LOOP_ANALYSIS = YES;
				CLANG_WARN_STRICT_PROTOTYPES = YES;
				CLANG_WARN_SUSPICIOUS_MOVE = YES;
				CLANG_WARN_UNGUARDED_AVAILABILITY = YES_AGGRESSIVE;
				CLANG_WARN_UNREACHABLE_CODE = YES;
				CLANG_WARN__DUPLICATE_METHOD_MATCH = YES;
				COPY_PHASE_STRIP = NO;
				DEBUG_INFORMATION_FORMAT = "dwarf-with-dsym";
				ENABLE_NS_ASSERTIONS = NO;
				ENABLE_STRICT_OBJC_MSGSEND = YES;
				ENABLE_USER_SCRIPT_SANDBOXING = YES;
				GCC_C_LANGUAGE_STANDARD = gnu17;
				GCC_NO_COMMON_BLOCKS = YES;
				GCC_WARN_64_TO_32_BIT_CONVERSION = YES;
				GCC_WARN_ABOUT_RETURN_TYPE = YES_ERROR;
				GCC_WARN_UNDECLARED_SELECTOR = YES;
				GCC_WARN_UNINITIALIZED_AUTOS = YES_AGGRESSIVE;
				GCC_WARN_UNUSED_FUNCTION = YES;
				GCC_WARN_UNUSED_VARIABLE = YES;
				IPHONEOS_DEPLOYMENT_TARGET = 18.0;
				LOCALIZATION_PREFERS_STRING_CATALOGS = YES;
				MTL_ENABLE_DEBUG_INFO = NO;
				MTL_FAST_MATH = YES;
				SDKROOT = iphoneos;
				SWIFT_COMPILATION_MODE = wholemodule;
				VALIDATE_PRODUCT = YES;
			};
			name = Release;
		};
		9B8267BC2ED2FA36006D71E4 /* Debug */ = {
			isa = XCBuildConfiguration;
			buildSettings = {
				BUNDLE_LOADER = "$(TEST_HOST)";
				CODE_SIGN_STYLE = Automatic;
				CURRENT_PROJECT_VERSION = 1;
				GENERATE_INFOPLIST_FILE = YES;
				IPHONEOS_DEPLOYMENT_TARGET = 18.0;
				MARKETING_VERSION = 1.0;
				PRODUCT_BUNDLE_IDENTIFIER = bahrainpolytechnic.RepairProTests;
				PRODUCT_NAME = "$(TARGET_NAME)";
				SWIFT_EMIT_LOC_STRINGS = NO;
				SWIFT_VERSION = 5.0;
				TARGETED_DEVICE_FAMILY = "1,2";
				TEST_HOST = "$(BUILT_PRODUCTS_DIR)/RepairPro.app/$(BUNDLE_EXECUTABLE_FOLDER_PATH)/RepairPro";
			};
			name = Debug;
		};
		9B8267BD2ED2FA36006D71E4 /* Release */ = {
			isa = XCBuildConfiguration;
			buildSettings = {
				BUNDLE_LOADER = "$(TEST_HOST)";
				CODE_SIGN_STYLE = Automatic;
				CURRENT_PROJECT_VERSION = 1;
				GENERATE_INFOPLIST_FILE = YES;
				IPHONEOS_DEPLOYMENT_TARGET = 18.0;
				MARKETING_VERSION = 1.0;
				PRODUCT_BUNDLE_IDENTIFIER = bahrainpolytechnic.RepairProTests;
				PRODUCT_NAME = "$(TARGET_NAME)";
				SWIFT_EMIT_LOC_STRINGS = NO;
				SWIFT_VERSION = 5.0;
				TARGETED_DEVICE_FAMILY = "1,2";
				TEST_HOST = "$(BUILT_PRODUCTS_DIR)/RepairPro.app/$(BUNDLE_EXECUTABLE_FOLDER_PATH)/RepairPro";
			};
			name = Release;
		};
		9B8267BF2ED2FA36006D71E4 /* Debug */ = {
			isa = XCBuildConfiguration;
			buildSettings = {
				CODE_SIGN_STYLE = Automatic;
				CURRENT_PROJECT_VERSION = 1;
				GENERATE_INFOPLIST_FILE = YES;
				MARKETING_VERSION = 1.0;
				PRODUCT_BUNDLE_IDENTIFIER = bahrainpolytechnic.RepairProUITests;
				PRODUCT_NAME = "$(TARGET_NAME)";
				SWIFT_EMIT_LOC_STRINGS = NO;
				SWIFT_VERSION = 5.0;
				TARGETED_DEVICE_FAMILY = "1,2";
				TEST_TARGET_NAME = RepairPro;
			};
			name = Debug;
		};
		9B8267C02ED2FA36006D71E4 /* Release */ = {
			isa = XCBuildConfiguration;
			buildSettings = {
				CODE_SIGN_STYLE = Automatic;
				CURRENT_PROJECT_VERSION = 1;
				GENERATE_INFOPLIST_FILE = YES;
				MARKETING_VERSION = 1.0;
				PRODUCT_BUNDLE_IDENTIFIER = bahrainpolytechnic.RepairProUITests;
				PRODUCT_NAME = "$(TARGET_NAME)";
				SWIFT_EMIT_LOC_STRINGS = NO;
				SWIFT_VERSION = 5.0;
				TARGETED_DEVICE_FAMILY = "1,2";
				TEST_TARGET_NAME = RepairPro;
			};
			name = Release;
		};
/* End XCBuildConfiguration section */

/* Begin XCConfigurationList section */
		9B8267882ED2FA32006D71E4 /* Build configuration list for PBXProject "RepairPro" */ = {
			isa = XCConfigurationList;
			buildConfigurations = (
				9B8267B92ED2FA36006D71E4 /* Debug */,
				9B8267BA2ED2FA36006D71E4 /* Release */,
			);
			defaultConfigurationIsVisible = 0;
			defaultConfigurationName = Release;
		};
		9B8267B62ED2FA36006D71E4 /* Build configuration list for PBXNativeTarget "RepairPro" */ = {
			isa = XCConfigurationList;
			buildConfigurations = (
				9B8267B72ED2FA36006D71E4 /* Debug */,
				9B8267B82ED2FA36006D71E4 /* Release */,
			);
			defaultConfigurationIsVisible = 0;
			defaultConfigurationName = Release;
		};
		9B8267BB2ED2FA36006D71E4 /* Build configuration list for PBXNativeTarget "RepairProTests" */ = {
			isa = XCConfigurationList;
			buildConfigurations = (
				9B8267BC2ED2FA36006D71E4 /* Debug */,
				9B8267BD2ED2FA36006D71E4 /* Release */,
			);
			defaultConfigurationIsVisible = 0;
			defaultConfigurationName = Release;
		};
		9B8267BE2ED2FA36006D71E4 /* Build configuration list for PBXNativeTarget "RepairProUITests" */ = {
			isa = XCConfigurationList;
			buildConfigurations = (
				9B8267BF2ED2FA36006D71E4 /* Debug */,
				9B8267C02ED2FA36006D71E4 /* Release */,
			);
			defaultConfigurationIsVisible = 0;
			defaultConfigurationName = Release;
		};
/* End XCConfigurationList section */
	};
	rootObject = 9B8267852ED2FA32006D71E4 /* Project object */;
}
